
Microsoft Visual Studio Solution File, Format Version 12.00
# Visual Studio 14
VisualStudioVersion = 14.0.24720.0
MinimumVisualStudioVersion = 10.0.40219.1
Project("{FAE04EC0-301F-11D3-BF4B-00C04F79EFBC}") = "Signature.Business", "Signature.Business\Signature.Business.csproj", "{24310E2B-6AB0-4B90-A90D-897A5DB10BE5}"
EndProject
Project("{FAE04EC0-301F-11D3-BF4B-00C04F79EFBC}") = "Signature.UI", "Signature.UI\Signature.UI.csproj", "{06474F44-98AE-478C-8586-8E804E5FD0D0}"
EndProject
Global
	GlobalSection(SolutionConfigurationPlatforms) = preSolution
		Debug|Any CPU = Debug|Any CPU
		Release|Any CPU = Release|Any CPU
	EndGlobalSection
	GlobalSection(ProjectConfigurationPlatforms) = postSolution
		{24310E2B-6AB0-4B90-A90D-897A5DB10BE5}.Debug|Any CPU.ActiveCfg = Debug|Any CPU
		{24310E2B-6AB0-4B90-A90D-897A5DB10BE5}.Debug|Any CPU.Build.0 = Debug|Any CPU
		{24310E2B-6AB0-4B90-A90D-897A5DB10BE5}.Release|Any CPU.ActiveCfg = Release|Any CPU
		{24310E2B-6AB0-4B90-A90D-897A5DB10BE5}.Release|Any CPU.Build.0 = Release|Any CPU
		{06474F44-98AE-478C-8586-8E804E5FD0D0}.Debug|Any CPU.ActiveCfg = Debug|Any CPU
		{06474F44-98AE-478C-8586-8E804E5FD0D0}.Debug|Any CPU.Build.0 = Debug|Any CPU
		{06474F44-98AE-478C-8586-8E804E5FD0D0}.Release|Any CPU.ActiveCfg = Release|Any CPU
		{06474F44-98AE-478C-8586-8E804E5FD0D0}.Release|Any CPU.Build.0 = Release|Any CPU
	EndGlobalSection
	GlobalSection(SolutionProperties) = preSolution
		HideSolutionNode = FALSE
	EndGlobalSection
EndGlobal
